
Microsoft Visual Studio Solution File, Format Version 12.00
# Visual Studio Version 17
VisualStudioVersion = 17.13.35828.75
MinimumVisualStudioVersion = 10.0.40219.1
Project("{FAE04EC0-301F-11D3-BF4B-00C04F79EFBC}") = "FSFormControls", "FSFormControls\FSFormControls.csproj", "{8EF3EA53-F7EB-4A64-A2F0-9911AFD757D0}"
EndProject
Project("{FAE04EC0-301F-11D3-BF4B-00C04F79EFBC}") = "FSReport", "FSReport\FSReport.csproj", "{0B220323-2EE8-455A-B247-B118FE8C3488}"
EndProject
Project("{FAE04EC0-301F-11D3-BF4B-00C04F79EFBC}") = "FSPdf", "FSPdf\FSPdf.csproj", "{355F89D9-B4EE-4305-99B0-3C2BC81020F8}"
EndProject
Project("{FAE04EC0-301F-11D3-BF4B-00C04F79EFBC}") = "FSWebBrowser", "FSWebBrowser\FSWebBrowser.csproj", "{7FCC8F9D-A108-4DBD-A43A-C347B33B6BC4}"
EndProject
Project("{FAE04EC0-301F-11D3-BF4B-00C04F79EFBC}") = "FSDirectShow", "FSDirectShow\FSDirectShow.csproj", "{8366CFC4-BC76-4F7B-936A-4A2F3064D288}"
EndProject
Project("{FAE04EC0-301F-11D3-BF4B-00C04F79EFBC}") = "FSExcel", "FSExcel\FSExcel.csproj", "{314CD2F3-012F-4643-BC45-222083317D25}"
EndProject
Project("{FAE04EC0-301F-11D3-BF4B-00C04F79EFBC}") = "FSCompress", "FSCompress\FSCompress.csproj", "{1758E76A-D80C-4A13-850D-23D721FA8F1B}"
EndProject
Project("{FAE04EC0-301F-11D3-BF4B-00C04F79EFBC}") = "FSMouseKeyboardLibrary", "FSMouseKeyboardLibrary\FSMouseKeyboardLibrary.csproj", "{F419622F-4D82-40A6-B4FB-3FE36579F018}"
EndProject
Project("{2150E333-8FDC-42A3-9474-1A3956D46DE8}") = "FebrerSoftware", "FebrerSoftware", "{92BB1CDF-FA9D-493F-A948-0B010B0C7D5B}"
EndProject
Project("{FAE04EC0-301F-11D3-BF4B-00C04F79EFBC}") = "FSGraphics", "FSGraphics\FSGraphics.csproj", "{13461507-32FC-48BC-BD27-F3A9DE011825}"
EndProject
Project("{FAE04EC0-301F-11D3-BF4B-00C04F79EFBC}") = "FSFirewall", "FSFirewall\FSFirewall.csproj", "{6D2D9CB4-97BD-4FFC-94D3-B1A084EC41CF}"
EndProject
Project("{FAE04EC0-301F-11D3-BF4B-00C04F79EFBC}") = "FSSystemInfo", "FSSystemInfo\FSSystemInfo.csproj", "{AA26D897-9D5E-A3FA-C7E8-26FFD83C7935}"
EndProject
Project("{FAE04EC0-301F-11D3-BF4B-00C04F79EFBC}") = "FSConvert", "FSConvert\FSConvert.csproj", "{4E3A7CCD-1739-95DA-C1A4-B764DB28A81F}"
EndProject
Project("{FAE04EC0-301F-11D3-BF4B-00C04F79EFBC}") = "FSFormLibrary", "FSFormLibrary\FSFormLibrary.csproj", "{42372BD4-BF8F-5BCD-B749-82049A3BF8EF}"
EndProject
Project("{FAE04EC0-301F-11D3-BF4B-00C04F79EFBC}") = "FSTests", "FSTests\FSTests.csproj", "{B495031C-D868-2EC5-2CCB-D0275F1C35BC}"
EndProject
Global
	GlobalSection(SolutionConfigurationPlatforms) = preSolution
		Debug Todo|Any CPU = Debug Todo|Any CPU
		Debug Todo|ARM = Debug Todo|ARM
		Debug Todo|Mixed Platforms = Debug Todo|Mixed Platforms
		Debug Todo|x64 = Debug Todo|x64
		Debug Todo|x86 = Debug Todo|x86
		Debug|Any CPU = Debug|Any CPU
		Debug|ARM = Debug|ARM
		Debug|Mixed Platforms = Debug|Mixed Platforms
		Debug|x64 = Debug|x64
		Debug|x86 = Debug|x86
		Release|Any CPU = Release|Any CPU
		Release|ARM = Release|ARM
		Release|Mixed Platforms = Release|Mixed Platforms
		Release|x64 = Release|x64
		Release|x86 = Release|x86
	EndGlobalSection
	GlobalSection(ProjectConfigurationPlatforms) = postSolution
		{8EF3EA53-F7EB-4A64-A2F0-9911AFD757D0}.Debug Todo|Any CPU.ActiveCfg = Debug Todo|Any CPU
		{8EF3EA53-F7EB-4A64-A2F0-9911AFD757D0}.Debug Todo|Any CPU.Build.0 = Debug Todo|Any CPU
		{8EF3EA53-F7EB-4A64-A2F0-9911AFD757D0}.Debug Todo|ARM.ActiveCfg = Debug Todo|Any CPU
		{8EF3EA53-F7EB-4A64-A2F0-9911AFD757D0}.Debug Todo|ARM.Build.0 = Debug Todo|Any CPU
		{8EF3EA53-F7EB-4A64-A2F0-9911AFD757D0}.Debug Todo|Mixed Platforms.ActiveCfg = Debug Todo|x86
		{8EF3EA53-F7EB-4A64-A2F0-9911AFD757D0}.Debug Todo|Mixed Platforms.Build.0 = Debug Todo|x86
		{8EF3EA53-F7EB-4A64-A2F0-9911AFD757D0}.Debug Todo|x64.ActiveCfg = Debug Todo|x64
		{8EF3EA53-F7EB-4A64-A2F0-9911AFD757D0}.Debug Todo|x64.Build.0 = Debug Todo|x64
		{8EF3EA53-F7EB-4A64-A2F0-9911AFD757D0}.Debug Todo|x86.ActiveCfg = Debug Todo|x86
		{8EF3EA53-F7EB-4A64-A2F0-9911AFD757D0}.Debug Todo|x86.Build.0 = Debug Todo|x86
		{8EF3EA53-F7EB-4A64-A2F0-9911AFD757D0}.Debug|Any CPU.ActiveCfg = Debug|Any CPU
		{8EF3EA53-F7EB-4A64-A2F0-9911AFD757D0}.Debug|Any CPU.Build.0 = Debug|Any CPU
		{8EF3EA53-F7EB-4A64-A2F0-9911AFD757D0}.Debug|ARM.ActiveCfg = Debug|Any CPU
		{8EF3EA53-F7EB-4A64-A2F0-9911AFD757D0}.Debug|ARM.Build.0 = Debug|Any CPU
		{8EF3EA53-F7EB-4A64-A2F0-9911AFD757D0}.Debug|Mixed Platforms.ActiveCfg = Debug|Any CPU
		{8EF3EA53-F7EB-4A64-A2F0-9911AFD757D0}.Debug|Mixed Platforms.Build.0 = Debug|Any CPU
		{8EF3EA53-F7EB-4A64-A2F0-9911AFD757D0}.Debug|x64.ActiveCfg = Debug|Any CPU
		{8EF3EA53-F7EB-4A64-A2F0-9911AFD757D0}.Debug|x64.Build.0 = Debug|Any CPU
		{8EF3EA53-F7EB-4A64-A2F0-9911AFD757D0}.Debug|x86.ActiveCfg = Debug|Any CPU
		{8EF3EA53-F7EB-4A64-A2F0-9911AFD757D0}.Debug|x86.Build.0 = Debug|Any CPU
		{8EF3EA53-F7EB-4A64-A2F0-9911AFD757D0}.Release|Any CPU.ActiveCfg = Release|Any CPU
		{8EF3EA53-F7EB-4A64-A2F0-9911AFD757D0}.Release|Any CPU.Build.0 = Release|Any CPU
		{8EF3EA53-F7EB-4A64-A2F0-9911AFD757D0}.Release|ARM.ActiveCfg = Release|Any CPU
		{8EF3EA53-F7EB-4A64-A2F0-9911AFD757D0}.Release|ARM.Build.0 = Release|Any CPU
		{8EF3EA53-F7EB-4A64-A2F0-9911AFD757D0}.Release|Mixed Platforms.ActiveCfg = Release|x86
		{8EF3EA53-F7EB-4A64-A2F0-9911AFD757D0}.Release|Mixed Platforms.Build.0 = Release|x86
		{8EF3EA53-F7EB-4A64-A2F0-9911AFD757D0}.Release|x64.ActiveCfg = Release|Any CPU
		{8EF3EA53-F7EB-4A64-A2F0-9911AFD757D0}.Release|x64.Build.0 = Release|Any CPU
		{8EF3EA53-F7EB-4A64-A2F0-9911AFD757D0}.Release|x86.ActiveCfg = Release|Any CPU
		{8EF3EA53-F7EB-4A64-A2F0-9911AFD757D0}.Release|x86.Build.0 = Release|Any CPU
		{0B220323-2EE8-455A-B247-B118FE8C3488}.Debug Todo|Any CPU.ActiveCfg = Debug Todo|Any CPU
		{0B220323-2EE8-455A-B247-B118FE8C3488}.Debug Todo|Any CPU.Build.0 = Debug Todo|Any CPU
		{0B220323-2EE8-455A-B247-B118FE8C3488}.Debug Todo|ARM.ActiveCfg = Debug Todo|Any CPU
		{0B220323-2EE8-455A-B247-B118FE8C3488}.Debug Todo|ARM.Build.0 = Debug Todo|Any CPU
		{0B220323-2EE8-455A-B247-B118FE8C3488}.Debug Todo|Mixed Platforms.ActiveCfg = Debug Todo|x86
		{0B220323-2EE8-455A-B247-B118FE8C3488}.Debug Todo|Mixed Platforms.Build.0 = Debug Todo|x86
		{0B220323-2EE8-455A-B247-B118FE8C3488}.Debug Todo|x64.ActiveCfg = Debug Todo|Any CPU
		{0B220323-2EE8-455A-B247-B118FE8C3488}.Debug Todo|x64.Build.0 = Debug Todo|Any CPU
		{0B220323-2EE8-455A-B247-B118FE8C3488}.Debug Todo|x86.ActiveCfg = Debug Todo|x86
		{0B220323-2EE8-455A-B247-B118FE8C3488}.Debug Todo|x86.Build.0 = Debug Todo|x86
		{0B220323-2EE8-455A-B247-B118FE8C3488}.Debug|Any CPU.ActiveCfg = Debug|Any CPU
		{0B220323-2EE8-455A-B247-B118FE8C3488}.Debug|Any CPU.Build.0 = Debug|Any CPU
		{0B220323-2EE8-455A-B247-B118FE8C3488}.Debug|ARM.ActiveCfg = Debug|Any CPU
		{0B220323-2EE8-455A-B247-B118FE8C3488}.Debug|ARM.Build.0 = Debug|Any CPU
		{0B220323-2EE8-455A-B247-B118FE8C3488}.Debug|Mixed Platforms.ActiveCfg = Debug|Any CPU
		{0B220323-2EE8-455A-B247-B118FE8C3488}.Debug|Mixed Platforms.Build.0 = Debug|Any CPU
		{0B220323-2EE8-455A-B247-B118FE8C3488}.Debug|x64.ActiveCfg = Debug|Any CPU
		{0B220323-2EE8-455A-B247-B118FE8C3488}.Debug|x64.Build.0 = Debug|Any CPU
		{0B220323-2EE8-455A-B247-B118FE8C3488}.Debug|x86.ActiveCfg = Debug|Any CPU
		{0B220323-2EE8-455A-B247-B118FE8C3488}.Debug|x86.Build.0 = Debug|Any CPU
		{0B220323-2EE8-455A-B247-B118FE8C3488}.Release|Any CPU.ActiveCfg = Release|Any CPU
		{0B220323-2EE8-455A-B247-B118FE8C3488}.Release|Any CPU.Build.0 = Release|Any CPU
		{0B220323-2EE8-455A-B247-B118FE8C3488}.Release|ARM.ActiveCfg = Release|Any CPU
		{0B220323-2EE8-455A-B247-B118FE8C3488}.Release|ARM.Build.0 = Release|Any CPU
		{0B220323-2EE8-455A-B247-B118FE8C3488}.Release|Mixed Platforms.ActiveCfg = Release|x86
		{0B220323-2EE8-455A-B247-B118FE8C3488}.Release|Mixed Platforms.Build.0 = Release|x86
		{0B220323-2EE8-455A-B247-B118FE8C3488}.Release|x64.ActiveCfg = Release|Any CPU
		{0B220323-2EE8-455A-B247-B118FE8C3488}.Release|x64.Build.0 = Release|Any CPU
		{0B220323-2EE8-455A-B247-B118FE8C3488}.Release|x86.ActiveCfg = Release|Any CPU
		{0B220323-2EE8-455A-B247-B118FE8C3488}.Release|x86.Build.0 = Release|Any CPU
		{355F89D9-B4EE-4305-99B0-3C2BC81020F8}.Debug Todo|Any CPU.ActiveCfg = Debug Todo|Any CPU
		{355F89D9-B4EE-4305-99B0-3C2BC81020F8}.Debug Todo|Any CPU.Build.0 = Debug Todo|Any CPU
		{355F89D9-B4EE-4305-99B0-3C2BC81020F8}.Debug Todo|ARM.ActiveCfg = Debug Todo|Any CPU
		{355F89D9-B4EE-4305-99B0-3C2BC81020F8}.Debug Todo|ARM.Build.0 = Debug Todo|Any CPU
		{355F89D9-B4EE-4305-99B0-3C2BC81020F8}.Debug Todo|Mixed Platforms.ActiveCfg = Debug Todo|x86
		{355F89D9-B4EE-4305-99B0-3C2BC81020F8}.Debug Todo|Mixed Platforms.Build.0 = Debug Todo|x86
		{355F89D9-B4EE-4305-99B0-3C2BC81020F8}.Debug Todo|x64.ActiveCfg = Debug Todo|Any CPU
		{355F89D9-B4EE-4305-99B0-3C2BC81020F8}.Debug Todo|x64.Build.0 = Debug Todo|Any CPU
		{355F89D9-B4EE-4305-99B0-3C2BC81020F8}.Debug Todo|x86.ActiveCfg = Debug Todo|x86
		{355F89D9-B4EE-4305-99B0-3C2BC81020F8}.Debug Todo|x86.Build.0 = Debug Todo|x86
		{355F89D9-B4EE-4305-99B0-3C2BC81020F8}.Debug|Any CPU.ActiveCfg = Debug|Any CPU
		{355F89D9-B4EE-4305-99B0-3C2BC81020F8}.Debug|Any CPU.Build.0 = Debug|Any CPU
		{355F89D9-B4EE-4305-99B0-3C2BC81020F8}.Debug|ARM.ActiveCfg = Debug|Any CPU
		{355F89D9-B4EE-4305-99B0-3C2BC81020F8}.Debug|ARM.Build.0 = Debug|Any CPU
		{355F89D9-B4EE-4305-99B0-3C2BC81020F8}.Debug|Mixed Platforms.ActiveCfg = Debug|Any CPU
		{355F89D9-B4EE-4305-99B0-3C2BC81020F8}.Debug|Mixed Platforms.Build.0 = Debug|Any CPU
		{355F89D9-B4EE-4305-99B0-3C2BC81020F8}.Debug|x64.ActiveCfg = Debug|Any CPU
		{355F89D9-B4EE-4305-99B0-3C2BC81020F8}.Debug|x64.Build.0 = Debug|Any CPU
		{355F89D9-B4EE-4305-99B0-3C2BC81020F8}.Debug|x86.ActiveCfg = Debug|Any CPU
		{355F89D9-B4EE-4305-99B0-3C2BC81020F8}.Debug|x86.Build.0 = Debug|Any CPU
		{355F89D9-B4EE-4305-99B0-3C2BC81020F8}.Release|Any CPU.ActiveCfg = Release|Any CPU
		{355F89D9-B4EE-4305-99B0-3C2BC81020F8}.Release|Any CPU.Build.0 = Release|Any CPU
		{355F89D9-B4EE-4305-99B0-3C2BC81020F8}.Release|ARM.ActiveCfg = Release|Any CPU
		{355F89D9-B4EE-4305-99B0-3C2BC81020F8}.Release|ARM.Build.0 = Release|Any CPU
		{355F89D9-B4EE-4305-99B0-3C2BC81020F8}.Release|Mixed Platforms.ActiveCfg = Release|x86
		{355F89D9-B4EE-4305-99B0-3C2BC81020F8}.Release|Mixed Platforms.Build.0 = Release|x86
		{355F89D9-B4EE-4305-99B0-3C2BC81020F8}.Release|x64.ActiveCfg = Release|Any CPU
		{355F89D9-B4EE-4305-99B0-3C2BC81020F8}.Release|x64.Build.0 = Release|Any CPU
		{355F89D9-B4EE-4305-99B0-3C2BC81020F8}.Release|x86.ActiveCfg = Release|Any CPU
		{355F89D9-B4EE-4305-99B0-3C2BC81020F8}.Release|x86.Build.0 = Release|Any CPU
		{7FCC8F9D-A108-4DBD-A43A-C347B33B6BC4}.Debug Todo|Any CPU.ActiveCfg = Debug Todo|Any CPU
		{7FCC8F9D-A108-4DBD-A43A-C347B33B6BC4}.Debug Todo|Any CPU.Build.0 = Debug Todo|Any CPU
		{7FCC8F9D-A108-4DBD-A43A-C347B33B6BC4}.Debug Todo|ARM.ActiveCfg = Debug Todo|Any CPU
		{7FCC8F9D-A108-4DBD-A43A-C347B33B6BC4}.Debug Todo|ARM.Build.0 = Debug Todo|Any CPU
		{7FCC8F9D-A108-4DBD-A43A-C347B33B6BC4}.Debug Todo|Mixed Platforms.ActiveCfg = Debug Todo|x86
		{7FCC8F9D-A108-4DBD-A43A-C347B33B6BC4}.Debug Todo|Mixed Platforms.Build.0 = Debug Todo|x86
		{7FCC8F9D-A108-4DBD-A43A-C347B33B6BC4}.Debug Todo|x64.ActiveCfg = Debug Todo|Any CPU
		{7FCC8F9D-A108-4DBD-A43A-C347B33B6BC4}.Debug Todo|x64.Build.0 = Debug Todo|Any CPU
		{7FCC8F9D-A108-4DBD-A43A-C347B33B6BC4}.Debug Todo|x86.ActiveCfg = Debug Todo|x86
		{7FCC8F9D-A108-4DBD-A43A-C347B33B6BC4}.Debug Todo|x86.Build.0 = Debug Todo|x86
		{7FCC8F9D-A108-4DBD-A43A-C347B33B6BC4}.Debug|Any CPU.ActiveCfg = Debug|Any CPU
		{7FCC8F9D-A108-4DBD-A43A-C347B33B6BC4}.Debug|Any CPU.Build.0 = Debug|Any CPU
		{7FCC8F9D-A108-4DBD-A43A-C347B33B6BC4}.Debug|ARM.ActiveCfg = Debug|Any CPU
		{7FCC8F9D-A108-4DBD-A43A-C347B33B6BC4}.Debug|ARM.Build.0 = Debug|Any CPU
		{7FCC8F9D-A108-4DBD-A43A-C347B33B6BC4}.Debug|Mixed Platforms.ActiveCfg = Debug|Any CPU
		{7FCC8F9D-A108-4DBD-A43A-C347B33B6BC4}.Debug|Mixed Platforms.Build.0 = Debug|Any CPU
		{7FCC8F9D-A108-4DBD-A43A-C347B33B6BC4}.Debug|x64.ActiveCfg = Debug|Any CPU
		{7FCC8F9D-A108-4DBD-A43A-C347B33B6BC4}.Debug|x64.Build.0 = Debug|Any CPU
		{7FCC8F9D-A108-4DBD-A43A-C347B33B6BC4}.Debug|x86.ActiveCfg = Debug|Any CPU
		{7FCC8F9D-A108-4DBD-A43A-C347B33B6BC4}.Debug|x86.Build.0 = Debug|Any CPU
		{7FCC8F9D-A108-4DBD-A43A-C347B33B6BC4}.Release|Any CPU.ActiveCfg = Release|Any CPU
		{7FCC8F9D-A108-4DBD-A43A-C347B33B6BC4}.Release|Any CPU.Build.0 = Release|Any CPU
		{7FCC8F9D-A108-4DBD-A43A-C347B33B6BC4}.Release|ARM.ActiveCfg = Release|Any CPU
		{7FCC8F9D-A108-4DBD-A43A-C347B33B6BC4}.Release|ARM.Build.0 = Release|Any CPU
		{7FCC8F9D-A108-4DBD-A43A-C347B33B6BC4}.Release|Mixed Platforms.ActiveCfg = Release|x86
		{7FCC8F9D-A108-4DBD-A43A-C347B33B6BC4}.Release|Mixed Platforms.Build.0 = Release|x86
		{7FCC8F9D-A108-4DBD-A43A-C347B33B6BC4}.Release|x64.ActiveCfg = Release|Any CPU
		{7FCC8F9D-A108-4DBD-A43A-C347B33B6BC4}.Release|x64.Build.0 = Release|Any CPU
		{7FCC8F9D-A108-4DBD-A43A-C347B33B6BC4}.Release|x86.ActiveCfg = Release|Any CPU
		{7FCC8F9D-A108-4DBD-A43A-C347B33B6BC4}.Release|x86.Build.0 = Release|Any CPU
		{8366CFC4-BC76-4F7B-936A-4A2F3064D288}.Debug Todo|Any CPU.ActiveCfg = Debug Todo|Any CPU
		{8366CFC4-BC76-4F7B-936A-4A2F3064D288}.Debug Todo|Any CPU.Build.0 = Debug Todo|Any CPU
		{8366CFC4-BC76-4F7B-936A-4A2F3064D288}.Debug Todo|ARM.ActiveCfg = Debug Todo|Any CPU
		{8366CFC4-BC76-4F7B-936A-4A2F3064D288}.Debug Todo|ARM.Build.0 = Debug Todo|Any CPU
		{8366CFC4-BC76-4F7B-936A-4A2F3064D288}.Debug Todo|Mixed Platforms.ActiveCfg = Debug Todo|Any CPU
		{8366CFC4-BC76-4F7B-936A-4A2F3064D288}.Debug Todo|Mixed Platforms.Build.0 = Debug Todo|Any CPU
		{8366CFC4-BC76-4F7B-936A-4A2F3064D288}.Debug Todo|x64.ActiveCfg = Debug Todo|Any CPU
		{8366CFC4-BC76-4F7B-936A-4A2F3064D288}.Debug Todo|x64.Build.0 = Debug Todo|Any CPU
		{8366CFC4-BC76-4F7B-936A-4A2F3064D288}.Debug Todo|x86.ActiveCfg = Debug Todo|Any CPU
		{8366CFC4-BC76-4F7B-936A-4A2F3064D288}.Debug Todo|x86.Build.0 = Debug Todo|Any CPU
		{8366CFC4-BC76-4F7B-936A-4A2F3064D288}.Debug|Any CPU.ActiveCfg = Debug|Any CPU
		{8366CFC4-BC76-4F7B-936A-4A2F3064D288}.Debug|Any CPU.Build.0 = Debug|Any CPU
		{8366CFC4-BC76-4F7B-936A-4A2F3064D288}.Debug|ARM.ActiveCfg = Debug|Any CPU
		{8366CFC4-BC76-4F7B-936A-4A2F3064D288}.Debug|ARM.Build.0 = Debug|Any CPU
		{8366CFC4-BC76-4F7B-936A-4A2F3064D288}.Debug|Mixed Platforms.ActiveCfg = Debug|Any CPU
		{8366CFC4-BC76-4F7B-936A-4A2F3064D288}.Debug|Mixed Platforms.Build.0 = Debug|Any CPU
		{8366CFC4-BC76-4F7B-936A-4A2F3064D288}.Debug|x64.ActiveCfg = Debug|Any CPU
		{8366CFC4-BC76-4F7B-936A-4A2F3064D288}.Debug|x64.Build.0 = Debug|Any CPU
		{8366CFC4-BC76-4F7B-936A-4A2F3064D288}.Debug|x86.ActiveCfg = Debug|Any CPU
		{8366CFC4-BC76-4F7B-936A-4A2F3064D288}.Debug|x86.Build.0 = Debug|Any CPU
		{8366CFC4-BC76-4F7B-936A-4A2F3064D288}.Release|Any CPU.ActiveCfg = Release|Any CPU
		{8366CFC4-BC76-4F7B-936A-4A2F3064D288}.Release|Any CPU.Build.0 = Release|Any CPU
		{8366CFC4-BC76-4F7B-936A-4A2F3064D288}.Release|ARM.ActiveCfg = Release|Any CPU
		{8366CFC4-BC76-4F7B-936A-4A2F3064D288}.Release|ARM.Build.0 = Release|Any CPU
		{8366CFC4-BC76-4F7B-936A-4A2F3064D288}.Release|Mixed Platforms.ActiveCfg = Release|Any CPU
		{8366CFC4-BC76-4F7B-936A-4A2F3064D288}.Release|Mixed Platforms.Build.0 = Release|Any CPU
		{8366CFC4-BC76-4F7B-936A-4A2F3064D288}.Release|x64.ActiveCfg = Release|Any CPU
		{8366CFC4-BC76-4F7B-936A-4A2F3064D288}.Release|x64.Build.0 = Release|Any CPU
		{8366CFC4-BC76-4F7B-936A-4A2F3064D288}.Release|x86.ActiveCfg = Release|Any CPU
		{8366CFC4-BC76-4F7B-936A-4A2F3064D288}.Release|x86.Build.0 = Release|Any CPU
		{314CD2F3-012F-4643-BC45-222083317D25}.Debug Todo|Any CPU.ActiveCfg = Debug Todo|Any CPU
		{314CD2F3-012F-4643-BC45-222083317D25}.Debug Todo|Any CPU.Build.0 = Debug Todo|Any CPU
		{314CD2F3-012F-4643-BC45-222083317D25}.Debug Todo|ARM.ActiveCfg = Debug Todo|Any CPU
		{314CD2F3-012F-4643-BC45-222083317D25}.Debug Todo|ARM.Build.0 = Debug Todo|Any CPU
		{314CD2F3-012F-4643-BC45-222083317D25}.Debug Todo|Mixed Platforms.ActiveCfg = Debug Todo|Any CPU
		{314CD2F3-012F-4643-BC45-222083317D25}.Debug Todo|Mixed Platforms.Build.0 = Debug Todo|Any CPU
		{314CD2F3-012F-4643-BC45-222083317D25}.Debug Todo|x64.ActiveCfg = Debug Todo|Any CPU
		{314CD2F3-012F-4643-BC45-222083317D25}.Debug Todo|x64.Build.0 = Debug Todo|Any CPU
		{314CD2F3-012F-4643-BC45-222083317D25}.Debug Todo|x86.ActiveCfg = Debug Todo|Any CPU
		{314CD2F3-012F-4643-BC45-222083317D25}.Debug Todo|x86.Build.0 = Debug Todo|Any CPU
		{314CD2F3-012F-4643-BC45-222083317D25}.Debug|Any CPU.ActiveCfg = Debug|Any CPU
		{314CD2F3-012F-4643-BC45-222083317D25}.Debug|Any CPU.Build.0 = Debug|Any CPU
		{314CD2F3-012F-4643-BC45-222083317D25}.Debug|ARM.ActiveCfg = Debug|Any CPU
		{314CD2F3-012F-4643-BC45-222083317D25}.Debug|ARM.Build.0 = Debug|Any CPU
		{314CD2F3-012F-4643-BC45-222083317D25}.Debug|Mixed Platforms.ActiveCfg = Debug|Any CPU
		{314CD2F3-012F-4643-BC45-222083317D25}.Debug|Mixed Platforms.Build.0 = Debug|Any CPU
		{314CD2F3-012F-4643-BC45-222083317D25}.Debug|x64.ActiveCfg = Debug|Any CPU
		{314CD2F3-012F-4643-BC45-222083317D25}.Debug|x64.Build.0 = Debug|Any CPU
		{314CD2F3-012F-4643-BC45-222083317D25}.Debug|x86.ActiveCfg = Debug|Any CPU
		{314CD2F3-012F-4643-BC45-222083317D25}.Debug|x86.Build.0 = Debug|Any CPU
		{314CD2F3-012F-4643-BC45-222083317D25}.Release|Any CPU.ActiveCfg = Release|Any CPU
		{314CD2F3-012F-4643-BC45-222083317D25}.Release|Any CPU.Build.0 = Release|Any CPU
		{314CD2F3-012F-4643-BC45-222083317D25}.Release|ARM.ActiveCfg = Release|Any CPU
		{314CD2F3-012F-4643-BC45-222083317D25}.Release|ARM.Build.0 = Release|Any CPU
		{314CD2F3-012F-4643-BC45-222083317D25}.Release|Mixed Platforms.ActiveCfg = Release|Any CPU
		{314CD2F3-012F-4643-BC45-222083317D25}.Release|Mixed Platforms.Build.0 = Release|Any CPU
		{314CD2F3-012F-4643-BC45-222083317D25}.Release|x64.ActiveCfg = Release|Any CPU
		{314CD2F3-012F-4643-BC45-222083317D25}.Release|x64.Build.0 = Release|Any CPU
		{314CD2F3-012F-4643-BC45-222083317D25}.Release|x86.ActiveCfg = Release|Any CPU
		{314CD2F3-012F-4643-BC45-222083317D25}.Release|x86.Build.0 = Release|Any CPU
		{1758E76A-D80C-4A13-850D-23D721FA8F1B}.Debug Todo|Any CPU.ActiveCfg = Debug Todo|Any CPU
		{1758E76A-D80C-4A13-850D-23D721FA8F1B}.Debug Todo|Any CPU.Build.0 = Debug Todo|Any CPU
		{1758E76A-D80C-4A13-850D-23D721FA8F1B}.Debug Todo|ARM.ActiveCfg = Debug Todo|Any CPU
		{1758E76A-D80C-4A13-850D-23D721FA8F1B}.Debug Todo|ARM.Build.0 = Debug Todo|Any CPU
		{1758E76A-D80C-4A13-850D-23D721FA8F1B}.Debug Todo|Mixed Platforms.ActiveCfg = Debug Todo|Any CPU
		{1758E76A-D80C-4A13-850D-23D721FA8F1B}.Debug Todo|Mixed Platforms.Build.0 = Debug Todo|Any CPU
		{1758E76A-D80C-4A13-850D-23D721FA8F1B}.Debug Todo|x64.ActiveCfg = Debug Todo|Any CPU
		{1758E76A-D80C-4A13-850D-23D721FA8F1B}.Debug Todo|x64.Build.0 = Debug Todo|Any CPU
		{1758E76A-D80C-4A13-850D-23D721FA8F1B}.Debug Todo|x86.ActiveCfg = Debug Todo|Any CPU
		{1758E76A-D80C-4A13-850D-23D721FA8F1B}.Debug Todo|x86.Build.0 = Debug Todo|Any CPU
		{1758E76A-D80C-4A13-850D-23D721FA8F1B}.Debug|Any CPU.ActiveCfg = Debug|Any CPU
		{1758E76A-D80C-4A13-850D-23D721FA8F1B}.Debug|Any CPU.Build.0 = Debug|Any CPU
		{1758E76A-D80C-4A13-850D-23D721FA8F1B}.Debug|ARM.ActiveCfg = Debug|Any CPU
		{1758E76A-D80C-4A13-850D-23D721FA8F1B}.Debug|ARM.Build.0 = Debug|Any CPU
		{1758E76A-D80C-4A13-850D-23D721FA8F1B}.Debug|Mixed Platforms.ActiveCfg = Debug|Any CPU
		{1758E76A-D80C-4A13-850D-23D721FA8F1B}.Debug|Mixed Platforms.Build.0 = Debug|Any CPU
		{1758E76A-D80C-4A13-850D-23D721FA8F1B}.Debug|x64.ActiveCfg = Debug|Any CPU
		{1758E76A-D80C-4A13-850D-23D721FA8F1B}.Debug|x64.Build.0 = Debug|Any CPU
		{1758E76A-D80C-4A13-850D-23D721FA8F1B}.Debug|x86.ActiveCfg = Debug|Any CPU
		{1758E76A-D80C-4A13-850D-23D721FA8F1B}.Debug|x86.Build.0 = Debug|Any CPU
		{1758E76A-D80C-4A13-850D-23D721FA8F1B}.Release|Any CPU.ActiveCfg = Release|Any CPU
		{1758E76A-D80C-4A13-850D-23D721FA8F1B}.Release|Any CPU.Build.0 = Release|Any CPU
		{1758E76A-D80C-4A13-850D-23D721FA8F1B}.Release|ARM.ActiveCfg = Release|Any CPU
		{1758E76A-D80C-4A13-850D-23D721FA8F1B}.Release|ARM.Build.0 = Release|Any CPU
		{1758E76A-D80C-4A13-850D-23D721FA8F1B}.Release|Mixed Platforms.ActiveCfg = Release|Any CPU
		{1758E76A-D80C-4A13-850D-23D721FA8F1B}.Release|Mixed Platforms.Build.0 = Release|Any CPU
		{1758E76A-D80C-4A13-850D-23D721FA8F1B}.Release|x64.ActiveCfg = Release|Any CPU
		{1758E76A-D80C-4A13-850D-23D721FA8F1B}.Release|x64.Build.0 = Release|Any CPU
		{1758E76A-D80C-4A13-850D-23D721FA8F1B}.Release|x86.ActiveCfg = Release|Any CPU
		{1758E76A-D80C-4A13-850D-23D721FA8F1B}.Release|x86.Build.0 = Release|Any CPU
		{F419622F-4D82-40A6-B4FB-3FE36579F018}.Debug Todo|Any CPU.ActiveCfg = Debug Todo|Any CPU
		{F419622F-4D82-40A6-B4FB-3FE36579F018}.Debug Todo|Any CPU.Build.0 = Debug Todo|Any CPU
		{F419622F-4D82-40A6-B4FB-3FE36579F018}.Debug Todo|ARM.ActiveCfg = Debug Todo|Any CPU
		{F419622F-4D82-40A6-B4FB-3FE36579F018}.Debug Todo|ARM.Build.0 = Debug Todo|Any CPU
		{F419622F-4D82-40A6-B4FB-3FE36579F018}.Debug Todo|Mixed Platforms.ActiveCfg = Debug Todo|Any CPU
		{F419622F-4D82-40A6-B4FB-3FE36579F018}.Debug Todo|Mixed Platforms.Build.0 = Debug Todo|Any CPU
		{F419622F-4D82-40A6-B4FB-3FE36579F018}.Debug Todo|x64.ActiveCfg = Debug Todo|Any CPU
		{F419622F-4D82-40A6-B4FB-3FE36579F018}.Debug Todo|x64.Build.0 = Debug Todo|Any CPU
		{F419622F-4D82-40A6-B4FB-3FE36579F018}.Debug Todo|x86.ActiveCfg = Debug Todo|Any CPU
		{F419622F-4D82-40A6-B4FB-3FE36579F018}.Debug Todo|x86.Build.0 = Debug Todo|Any CPU
		{F419622F-4D82-40A6-B4FB-3FE36579F018}.Debug|Any CPU.ActiveCfg = Debug|Any CPU
		{F419622F-4D82-40A6-B4FB-3FE36579F018}.Debug|Any CPU.Build.0 = Debug|Any CPU
		{F419622F-4D82-40A6-B4FB-3FE36579F018}.Debug|ARM.ActiveCfg = Debug|Any CPU
		{F419622F-4D82-40A6-B4FB-3FE36579F018}.Debug|ARM.Build.0 = Debug|Any CPU
		{F419622F-4D82-40A6-B4FB-3FE36579F018}.Debug|Mixed Platforms.ActiveCfg = Debug|Any CPU
		{F419622F-4D82-40A6-B4FB-3FE36579F018}.Debug|Mixed Platforms.Build.0 = Debug|Any CPU
		{F419622F-4D82-40A6-B4FB-3FE36579F018}.Debug|x64.ActiveCfg = Debug|Any CPU
		{F419622F-4D82-40A6-B4FB-3FE36579F018}.Debug|x64.Build.0 = Debug|Any CPU
		{F419622F-4D82-40A6-B4FB-3FE36579F018}.Debug|x86.ActiveCfg = Debug|Any CPU
		{F419622F-4D82-40A6-B4FB-3FE36579F018}.Debug|x86.Build.0 = Debug|Any CPU
		{F419622F-4D82-40A6-B4FB-3FE36579F018}.Release|Any CPU.ActiveCfg = Release|Any CPU
		{F419622F-4D82-40A6-B4FB-3FE36579F018}.Release|Any CPU.Build.0 = Release|Any CPU
		{F419622F-4D82-40A6-B4FB-3FE36579F018}.Release|ARM.ActiveCfg = Release|Any CPU
		{F419622F-4D82-40A6-B4FB-3FE36579F018}.Release|ARM.Build.0 = Release|Any CPU
		{F419622F-4D82-40A6-B4FB-3FE36579F018}.Release|Mixed Platforms.ActiveCfg = Release|Any CPU
		{F419622F-4D82-40A6-B4FB-3FE36579F018}.Release|Mixed Platforms.Build.0 = Release|Any CPU
		{F419622F-4D82-40A6-B4FB-3FE36579F018}.Release|x64.ActiveCfg = Release|Any CPU
		{F419622F-4D82-40A6-B4FB-3FE36579F018}.Release|x64.Build.0 = Release|Any CPU
		{F419622F-4D82-40A6-B4FB-3FE36579F018}.Release|x86.ActiveCfg = Release|Any CPU
		{F419622F-4D82-40A6-B4FB-3FE36579F018}.Release|x86.Build.0 = Release|Any CPU
		{13461507-32FC-48BC-BD27-F3A9DE011825}.Debug Todo|Any CPU.ActiveCfg = Debug Todo|Any CPU
		{13461507-32FC-48BC-BD27-F3A9DE011825}.Debug Todo|Any CPU.Build.0 = Debug Todo|Any CPU
		{13461507-32FC-48BC-BD27-F3A9DE011825}.Debug Todo|ARM.ActiveCfg = Debug Todo|Any CPU
		{13461507-32FC-48BC-BD27-F3A9DE011825}.Debug Todo|ARM.Build.0 = Debug Todo|Any CPU
		{13461507-32FC-48BC-BD27-F3A9DE011825}.Debug Todo|Mixed Platforms.ActiveCfg = Debug Todo|Any CPU
		{13461507-32FC-48BC-BD27-F3A9DE011825}.Debug Todo|Mixed Platforms.Build.0 = Debug Todo|Any CPU
		{13461507-32FC-48BC-BD27-F3A9DE011825}.Debug Todo|x64.ActiveCfg = Debug Todo|Any CPU
		{13461507-32FC-48BC-BD27-F3A9DE011825}.Debug Todo|x64.Build.0 = Debug Todo|Any CPU
		{13461507-32FC-48BC-BD27-F3A9DE011825}.Debug Todo|x86.ActiveCfg = Debug Todo|Any CPU
		{13461507-32FC-48BC-BD27-F3A9DE011825}.Debug Todo|x86.Build.0 = Debug Todo|Any CPU
		{13461507-32FC-48BC-BD27-F3A9DE011825}.Debug|Any CPU.ActiveCfg = Debug|Any CPU
		{13461507-32FC-48BC-BD27-F3A9DE011825}.Debug|Any CPU.Build.0 = Debug|Any CPU
		{13461507-32FC-48BC-BD27-F3A9DE011825}.Debug|ARM.ActiveCfg = Debug|Any CPU
		{13461507-32FC-48BC-BD27-F3A9DE011825}.Debug|ARM.Build.0 = Debug|Any CPU
		{13461507-32FC-48BC-BD27-F3A9DE011825}.Debug|Mixed Platforms.ActiveCfg = Debug|Any CPU
		{13461507-32FC-48BC-BD27-F3A9DE011825}.Debug|Mixed Platforms.Build.0 = Debug|Any CPU
		{13461507-32FC-48BC-BD27-F3A9DE011825}.Debug|x64.ActiveCfg = Debug|Any CPU
		{13461507-32FC-48BC-BD27-F3A9DE011825}.Debug|x64.Build.0 = Debug|Any CPU
		{13461507-32FC-48BC-BD27-F3A9DE011825}.Debug|x86.ActiveCfg = Debug|Any CPU
		{13461507-32FC-48BC-BD27-F3A9DE011825}.Debug|x86.Build.0 = Debug|Any CPU
		{13461507-32FC-48BC-BD27-F3A9DE011825}.Release|Any CPU.ActiveCfg = Release|Any CPU
		{13461507-32FC-48BC-BD27-F3A9DE011825}.Release|Any CPU.Build.0 = Release|Any CPU
		{13461507-32FC-48BC-BD27-F3A9DE011825}.Release|ARM.ActiveCfg = Release|Any CPU
		{13461507-32FC-48BC-BD27-F3A9DE011825}.Release|ARM.Build.0 = Release|Any CPU
		{13461507-32FC-48BC-BD27-F3A9DE011825}.Release|Mixed Platforms.ActiveCfg = Release|Any CPU
		{13461507-32FC-48BC-BD27-F3A9DE011825}.Release|Mixed Platforms.Build.0 = Release|Any CPU
		{13461507-32FC-48BC-BD27-F3A9DE011825}.Release|x64.ActiveCfg = Release|Any CPU
		{13461507-32FC-48BC-BD27-F3A9DE011825}.Release|x64.Build.0 = Release|Any CPU
		{13461507-32FC-48BC-BD27-F3A9DE011825}.Release|x86.ActiveCfg = Release|Any CPU
		{13461507-32FC-48BC-BD27-F3A9DE011825}.Release|x86.Build.0 = Release|Any CPU
		{6D2D9CB4-97BD-4FFC-94D3-B1A084EC41CF}.Debug Todo|Any CPU.ActiveCfg = Debug|Any CPU
		{6D2D9CB4-97BD-4FFC-94D3-B1A084EC41CF}.Debug Todo|Any CPU.Build.0 = Debug|Any CPU
		{6D2D9CB4-97BD-4FFC-94D3-B1A084EC41CF}.Debug Todo|ARM.ActiveCfg = Debug|Any CPU
		{6D2D9CB4-97BD-4FFC-94D3-B1A084EC41CF}.Debug Todo|ARM.Build.0 = Debug|Any CPU
		{6D2D9CB4-97BD-4FFC-94D3-B1A084EC41CF}.Debug Todo|Mixed Platforms.ActiveCfg = Debug|Any CPU
		{6D2D9CB4-97BD-4FFC-94D3-B1A084EC41CF}.Debug Todo|Mixed Platforms.Build.0 = Debug|Any CPU
		{6D2D9CB4-97BD-4FFC-94D3-B1A084EC41CF}.Debug Todo|x64.ActiveCfg = Debug|Any CPU
		{6D2D9CB4-97BD-4FFC-94D3-B1A084EC41CF}.Debug Todo|x64.Build.0 = Debug|Any CPU
		{6D2D9CB4-97BD-4FFC-94D3-B1A084EC41CF}.Debug Todo|x86.ActiveCfg = Debug|Any CPU
		{6D2D9CB4-97BD-4FFC-94D3-B1A084EC41CF}.Debug Todo|x86.Build.0 = Debug|Any CPU
		{6D2D9CB4-97BD-4FFC-94D3-B1A084EC41CF}.Debug|Any CPU.ActiveCfg = Debug|Any CPU
		{6D2D9CB4-97BD-4FFC-94D3-B1A084EC41CF}.Debug|Any CPU.Build.0 = Debug|Any CPU
		{6D2D9CB4-97BD-4FFC-94D3-B1A084EC41CF}.Debug|ARM.ActiveCfg = Debug|Any CPU
		{6D2D9CB4-97BD-4FFC-94D3-B1A084EC41CF}.Debug|ARM.Build.0 = Debug|Any CPU
		{6D2D9CB4-97BD-4FFC-94D3-B1A084EC41CF}.Debug|Mixed Platforms.ActiveCfg = Debug|Any CPU
		{6D2D9CB4-97BD-4FFC-94D3-B1A084EC41CF}.Debug|Mixed Platforms.Build.0 = Debug|Any CPU
		{6D2D9CB4-97BD-4FFC-94D3-B1A084EC41CF}.Debug|x64.ActiveCfg = Debug|Any CPU
		{6D2D9CB4-97BD-4FFC-94D3-B1A084EC41CF}.Debug|x64.Build.0 = Debug|Any CPU
		{6D2D9CB4-97BD-4FFC-94D3-B1A084EC41CF}.Debug|x86.ActiveCfg = Debug|Any CPU
		{6D2D9CB4-97BD-4FFC-94D3-B1A084EC41CF}.Debug|x86.Build.0 = Debug|Any CPU
		{6D2D9CB4-97BD-4FFC-94D3-B1A084EC41CF}.Release|Any CPU.ActiveCfg = Release|Any CPU
		{6D2D9CB4-97BD-4FFC-94D3-B1A084EC41CF}.Release|Any CPU.Build.0 = Release|Any CPU
		{6D2D9CB4-97BD-4FFC-94D3-B1A084EC41CF}.Release|ARM.ActiveCfg = Release|Any CPU
		{6D2D9CB4-97BD-4FFC-94D3-B1A084EC41CF}.Release|ARM.Build.0 = Release|Any CPU
		{6D2D9CB4-97BD-4FFC-94D3-B1A084EC41CF}.Release|Mixed Platforms.ActiveCfg = Release|Any CPU
		{6D2D9CB4-97BD-4FFC-94D3-B1A084EC41CF}.Release|Mixed Platforms.Build.0 = Release|Any CPU
		{6D2D9CB4-97BD-4FFC-94D3-B1A084EC41CF}.Release|x64.ActiveCfg = Release|Any CPU
		{6D2D9CB4-97BD-4FFC-94D3-B1A084EC41CF}.Release|x64.Build.0 = Release|Any CPU
		{6D2D9CB4-97BD-4FFC-94D3-B1A084EC41CF}.Release|x86.ActiveCfg = Release|Any CPU
		{6D2D9CB4-97BD-4FFC-94D3-B1A084EC41CF}.Release|x86.Build.0 = Release|Any CPU
		{AA26D897-9D5E-A3FA-C7E8-26FFD83C7935}.Debug Todo|Any CPU.ActiveCfg = Debug|Any CPU
		{AA26D897-9D5E-A3FA-C7E8-26FFD83C7935}.Debug Todo|Any CPU.Build.0 = Debug|Any CPU
		{AA26D897-9D5E-A3FA-C7E8-26FFD83C7935}.Debug Todo|ARM.ActiveCfg = Debug|Any CPU
		{AA26D897-9D5E-A3FA-C7E8-26FFD83C7935}.Debug Todo|ARM.Build.0 = Debug|Any CPU
		{AA26D897-9D5E-A3FA-C7E8-26FFD83C7935}.Debug Todo|Mixed Platforms.ActiveCfg = Debug|Any CPU
		{AA26D897-9D5E-A3FA-C7E8-26FFD83C7935}.Debug Todo|Mixed Platforms.Build.0 = Debug|Any CPU
		{AA26D897-9D5E-A3FA-C7E8-26FFD83C7935}.Debug Todo|x64.ActiveCfg = Debug|Any CPU
		{AA26D897-9D5E-A3FA-C7E8-26FFD83C7935}.Debug Todo|x64.Build.0 = Debug|Any CPU
		{AA26D897-9D5E-A3FA-C7E8-26FFD83C7935}.Debug Todo|x86.ActiveCfg = Debug|Any CPU
		{AA26D897-9D5E-A3FA-C7E8-26FFD83C7935}.Debug Todo|x86.Build.0 = Debug|Any CPU
		{AA26D897-9D5E-A3FA-C7E8-26FFD83C7935}.Debug|Any CPU.ActiveCfg = Debug|Any CPU
		{AA26D897-9D5E-A3FA-C7E8-26FFD83C7935}.Debug|Any CPU.Build.0 = Debug|Any CPU
		{AA26D897-9D5E-A3FA-C7E8-26FFD83C7935}.Debug|ARM.ActiveCfg = Debug|Any CPU
		{AA26D897-9D5E-A3FA-C7E8-26FFD83C7935}.Debug|ARM.Build.0 = Debug|Any CPU
		{AA26D897-9D5E-A3FA-C7E8-26FFD83C7935}.Debug|Mixed Platforms.ActiveCfg = Debug|Any CPU
		{AA26D897-9D5E-A3FA-C7E8-26FFD83C7935}.Debug|Mixed Platforms.Build.0 = Debug|Any CPU
		{AA26D897-9D5E-A3FA-C7E8-26FFD83C7935}.Debug|x64.ActiveCfg = Debug|Any CPU
		{AA26D897-9D5E-A3FA-C7E8-26FFD83C7935}.Debug|x64.Build.0 = Debug|Any CPU
		{AA26D897-9D5E-A3FA-C7E8-26FFD83C7935}.Debug|x86.ActiveCfg = Debug|Any CPU
		{AA26D897-9D5E-A3FA-C7E8-26FFD83C7935}.Debug|x86.Build.0 = Debug|Any CPU
		{AA26D897-9D5E-A3FA-C7E8-26FFD83C7935}.Release|Any CPU.ActiveCfg = Release|Any CPU
		{AA26D897-9D5E-A3FA-C7E8-26FFD83C7935}.Release|Any CPU.Build.0 = Release|Any CPU
		{AA26D897-9D5E-A3FA-C7E8-26FFD83C7935}.Release|ARM.ActiveCfg = Release|Any CPU
		{AA26D897-9D5E-A3FA-C7E8-26FFD83C7935}.Release|ARM.Build.0 = Release|Any CPU
		{AA26D897-9D5E-A3FA-C7E8-26FFD83C7935}.Release|Mixed Platforms.ActiveCfg = Release|Any CPU
		{AA26D897-9D5E-A3FA-C7E8-26FFD83C7935}.Release|Mixed Platforms.Build.0 = Release|Any CPU
		{AA26D897-9D5E-A3FA-C7E8-26FFD83C7935}.Release|x64.ActiveCfg = Release|Any CPU
		{AA26D897-9D5E-A3FA-C7E8-26FFD83C7935}.Release|x64.Build.0 = Release|Any CPU
		{AA26D897-9D5E-A3FA-C7E8-26FFD83C7935}.Release|x86.ActiveCfg = Release|Any CPU
		{AA26D897-9D5E-A3FA-C7E8-26FFD83C7935}.Release|x86.Build.0 = Release|Any CPU
		{4E3A7CCD-1739-95DA-C1A4-B764DB28A81F}.Debug Todo|Any CPU.ActiveCfg = Debug|Any CPU
		{4E3A7CCD-1739-95DA-C1A4-B764DB28A81F}.Debug Todo|Any CPU.Build.0 = Debug|Any CPU
		{4E3A7CCD-1739-95DA-C1A4-B764DB28A81F}.Debug Todo|ARM.ActiveCfg = Debug|Any CPU
		{4E3A7CCD-1739-95DA-C1A4-B764DB28A81F}.Debug Todo|ARM.Build.0 = Debug|Any CPU
		{4E3A7CCD-1739-95DA-C1A4-B764DB28A81F}.Debug Todo|Mixed Platforms.ActiveCfg = Debug|Any CPU
		{4E3A7CCD-1739-95DA-C1A4-B764DB28A81F}.Debug Todo|Mixed Platforms.Build.0 = Debug|Any CPU
		{4E3A7CCD-1739-95DA-C1A4-B764DB28A81F}.Debug Todo|x64.ActiveCfg = Debug|Any CPU
		{4E3A7CCD-1739-95DA-C1A4-B764DB28A81F}.Debug Todo|x64.Build.0 = Debug|Any CPU
		{4E3A7CCD-1739-95DA-C1A4-B764DB28A81F}.Debug Todo|x86.ActiveCfg = Debug|Any CPU
		{4E3A7CCD-1739-95DA-C1A4-B764DB28A81F}.Debug Todo|x86.Build.0 = Debug|Any CPU
		{4E3A7CCD-1739-95DA-C1A4-B764DB28A81F}.Debug|Any CPU.ActiveCfg = Debug|Any CPU
		{4E3A7CCD-1739-95DA-C1A4-B764DB28A81F}.Debug|Any CPU.Build.0 = Debug|Any CPU
		{4E3A7CCD-1739-95DA-C1A4-B764DB28A81F}.Debug|ARM.ActiveCfg = Debug|Any CPU
		{4E3A7CCD-1739-95DA-C1A4-B764DB28A81F}.Debug|ARM.Build.0 = Debug|Any CPU
		{4E3A7CCD-1739-95DA-C1A4-B764DB28A81F}.Debug|Mixed Platforms.ActiveCfg = Debug|Any CPU
		{4E3A7CCD-1739-95DA-C1A4-B764DB28A81F}.Debug|Mixed Platforms.Build.0 = Debug|Any CPU
		{4E3A7CCD-1739-95DA-C1A4-B764DB28A81F}.Debug|x64.ActiveCfg = Debug|Any CPU
		{4E3A7CCD-1739-95DA-C1A4-B764DB28A81F}.Debug|x64.Build.0 = Debug|Any CPU
		{4E3A7CCD-1739-95DA-C1A4-B764DB28A81F}.Debug|x86.ActiveCfg = Debug|Any CPU
		{4E3A7CCD-1739-95DA-C1A4-B764DB28A81F}.Debug|x86.Build.0 = Debug|Any CPU
		{4E3A7CCD-1739-95DA-C1A4-B764DB28A81F}.Release|Any CPU.ActiveCfg = Release|Any CPU
		{4E3A7CCD-1739-95DA-C1A4-B764DB28A81F}.Release|Any CPU.Build.0 = Release|Any CPU
		{4E3A7CCD-1739-95DA-C1A4-B764DB28A81F}.Release|ARM.ActiveCfg = Release|Any CPU
		{4E3A7CCD-1739-95DA-C1A4-B764DB28A81F}.Release|ARM.Build.0 = Release|Any CPU
		{4E3A7CCD-1739-95DA-C1A4-B764DB28A81F}.Release|Mixed Platforms.ActiveCfg = Release|Any CPU
		{4E3A7CCD-1739-95DA-C1A4-B764DB28A81F}.Release|Mixed Platforms.Build.0 = Release|Any CPU
		{4E3A7CCD-1739-95DA-C1A4-B764DB28A81F}.Release|x64.ActiveCfg = Release|Any CPU
		{4E3A7CCD-1739-95DA-C1A4-B764DB28A81F}.Release|x64.Build.0 = Release|Any CPU
		{4E3A7CCD-1739-95DA-C1A4-B764DB28A81F}.Release|x86.ActiveCfg = Release|Any CPU
		{4E3A7CCD-1739-95DA-C1A4-B764DB28A81F}.Release|x86.Build.0 = Release|Any CPU
		{42372BD4-BF8F-5BCD-B749-82049A3BF8EF}.Debug Todo|Any CPU.ActiveCfg = Debug|Any CPU
		{42372BD4-BF8F-5BCD-B749-82049A3BF8EF}.Debug Todo|Any CPU.Build.0 = Debug|Any CPU
		{42372BD4-BF8F-5BCD-B749-82049A3BF8EF}.Debug Todo|ARM.ActiveCfg = Debug|Any CPU
		{42372BD4-BF8F-5BCD-B749-82049A3BF8EF}.Debug Todo|ARM.Build.0 = Debug|Any CPU
		{42372BD4-BF8F-5BCD-B749-82049A3BF8EF}.Debug Todo|Mixed Platforms.ActiveCfg = Debug|Any CPU
		{42372BD4-BF8F-5BCD-B749-82049A3BF8EF}.Debug Todo|Mixed Platforms.Build.0 = Debug|Any CPU
		{42372BD4-BF8F-5BCD-B749-82049A3BF8EF}.Debug Todo|x64.ActiveCfg = Debug|Any CPU
		{42372BD4-BF8F-5BCD-B749-82049A3BF8EF}.Debug Todo|x64.Build.0 = Debug|Any CPU
		{42372BD4-BF8F-5BCD-B749-82049A3BF8EF}.Debug Todo|x86.ActiveCfg = Debug|Any CPU
		{42372BD4-BF8F-5BCD-B749-82049A3BF8EF}.Debug Todo|x86.Build.0 = Debug|Any CPU
		{42372BD4-BF8F-5BCD-B749-82049A3BF8EF}.Debug|Any CPU.ActiveCfg = Debug|Any CPU
		{42372BD4-BF8F-5BCD-B749-82049A3BF8EF}.Debug|Any CPU.Build.0 = Debug|Any CPU
		{42372BD4-BF8F-5BCD-B749-82049A3BF8EF}.Debug|ARM.ActiveCfg = Debug|Any CPU
		{42372BD4-BF8F-5BCD-B749-82049A3BF8EF}.Debug|ARM.Build.0 = Debug|Any CPU
		{42372BD4-BF8F-5BCD-B749-82049A3BF8EF}.Debug|Mixed Platforms.ActiveCfg = Debug|Any CPU
		{42372BD4-BF8F-5BCD-B749-82049A3BF8EF}.Debug|Mixed Platforms.Build.0 = Debug|Any CPU
		{42372BD4-BF8F-5BCD-B749-82049A3BF8EF}.Debug|x64.ActiveCfg = Debug|Any CPU
		{42372BD4-BF8F-5BCD-B749-82049A3BF8EF}.Debug|x64.Build.0 = Debug|Any CPU
		{42372BD4-BF8F-5BCD-B749-82049A3BF8EF}.Debug|x86.ActiveCfg = Debug|Any CPU
		{42372BD4-BF8F-5BCD-B749-82049A3BF8EF}.Debug|x86.Build.0 = Debug|Any CPU
		{42372BD4-BF8F-5BCD-B749-82049A3BF8EF}.Release|Any CPU.ActiveCfg = Release|Any CPU
		{42372BD4-BF8F-5BCD-B749-82049A3BF8EF}.Release|Any CPU.Build.0 = Release|Any CPU
		{42372BD4-BF8F-5BCD-B749-82049A3BF8EF}.Release|ARM.ActiveCfg = Release|Any CPU
		{42372BD4-BF8F-5BCD-B749-82049A3BF8EF}.Release|ARM.Build.0 = Release|Any CPU
		{42372BD4-BF8F-5BCD-B749-82049A3BF8EF}.Release|Mixed Platforms.ActiveCfg = Release|Any CPU
		{42372BD4-BF8F-5BCD-B749-82049A3BF8EF}.Release|Mixed Platforms.Build.0 = Release|Any CPU
		{42372BD4-BF8F-5BCD-B749-82049A3BF8EF}.Release|x64.ActiveCfg = Release|Any CPU
		{42372BD4-BF8F-5BCD-B749-82049A3BF8EF}.Release|x64.Build.0 = Release|Any CPU
		{42372BD4-BF8F-5BCD-B749-82049A3BF8EF}.Release|x86.ActiveCfg = Release|Any CPU
		{42372BD4-BF8F-5BCD-B749-82049A3BF8EF}.Release|x86.Build.0 = Release|Any CPU
		{B495031C-D868-2EC5-2CCB-D0275F1C35BC}.Debug Todo|Any CPU.ActiveCfg = Debug|Any CPU
		{B495031C-D868-2EC5-2CCB-D0275F1C35BC}.Debug Todo|Any CPU.Build.0 = Debug|Any CPU
		{B495031C-D868-2EC5-2CCB-D0275F1C35BC}.Debug Todo|ARM.ActiveCfg = Debug|Any CPU
		{B495031C-D868-2EC5-2CCB-D0275F1C35BC}.Debug Todo|ARM.Build.0 = Debug|Any CPU
		{B495031C-D868-2EC5-2CCB-D0275F1C35BC}.Debug Todo|Mixed Platforms.ActiveCfg = Debug|Any CPU
		{B495031C-D868-2EC5-2CCB-D0275F1C35BC}.Debug Todo|Mixed Platforms.Build.0 = Debug|Any CPU
		{B495031C-D868-2EC5-2CCB-D0275F1C35BC}.Debug Todo|x64.ActiveCfg = Debug|Any CPU
		{B495031C-D868-2EC5-2CCB-D0275F1C35BC}.Debug Todo|x64.Build.0 = Debug|Any CPU
		{B495031C-D868-2EC5-2CCB-D0275F1C35BC}.Debug Todo|x86.ActiveCfg = Debug|Any CPU
		{B495031C-D868-2EC5-2CCB-D0275F1C35BC}.Debug Todo|x86.Build.0 = Debug|Any CPU
		{B495031C-D868-2EC5-2CCB-D0275F1C35BC}.Debug|Any CPU.ActiveCfg = Debug|Any CPU
		{B495031C-D868-2EC5-2CCB-D0275F1C35BC}.Debug|Any CPU.Build.0 = Debug|Any CPU
		{B495031C-D868-2EC5-2CCB-D0275F1C35BC}.Debug|ARM.ActiveCfg = Debug|Any CPU
		{B495031C-D868-2EC5-2CCB-D0275F1C35BC}.Debug|ARM.Build.0 = Debug|Any CPU
		{B495031C-D868-2EC5-2CCB-D0275F1C35BC}.Debug|Mixed Platforms.ActiveCfg = Debug|Any CPU
		{B495031C-D868-2EC5-2CCB-D0275F1C35BC}.Debug|Mixed Platforms.Build.0 = Debug|Any CPU
		{B495031C-D868-2EC5-2CCB-D0275F1C35BC}.Debug|x64.ActiveCfg = Debug|Any CPU
		{B495031C-D868-2EC5-2CCB-D0275F1C35BC}.Debug|x64.Build.0 = Debug|Any CPU
		{B495031C-D868-2EC5-2CCB-D0275F1C35BC}.Debug|x86.ActiveCfg = Debug|Any CPU
		{B495031C-D868-2EC5-2CCB-D0275F1C35BC}.Debug|x86.Build.0 = Debug|Any CPU
		{B495031C-D868-2EC5-2CCB-D0275F1C35BC}.Release|Any CPU.ActiveCfg = Release|Any CPU
		{B495031C-D868-2EC5-2CCB-D0275F1C35BC}.Release|Any CPU.Build.0 = Release|Any CPU
		{B495031C-D868-2EC5-2CCB-D0275F1C35BC}.Release|ARM.ActiveCfg = Release|Any CPU
		{B495031C-D868-2EC5-2CCB-D0275F1C35BC}.Release|ARM.Build.0 = Release|Any CPU
		{B495031C-D868-2EC5-2CCB-D0275F1C35BC}.Release|Mixed Platforms.ActiveCfg = Release|Any CPU
		{B495031C-D868-2EC5-2CCB-D0275F1C35BC}.Release|Mixed Platforms.Build.0 = Release|Any CPU
		{B495031C-D868-2EC5-2CCB-D0275F1C35BC}.Release|x64.ActiveCfg = Release|Any CPU
		{B495031C-D868-2EC5-2CCB-D0275F1C35BC}.Release|x64.Build.0 = Release|Any CPU
		{B495031C-D868-2EC5-2CCB-D0275F1C35BC}.Release|x86.ActiveCfg = Release|Any CPU
		{B495031C-D868-2EC5-2CCB-D0275F1C35BC}.Release|x86.Build.0 = Release|Any CPU
	EndGlobalSection
	GlobalSection(SolutionProperties) = preSolution
		HideSolutionNode = FALSE
	EndGlobalSection
	GlobalSection(NestedProjects) = preSolution
		{8EF3EA53-F7EB-4A64-A2F0-9911AFD757D0} = {92BB1CDF-FA9D-493F-A948-0B010B0C7D5B}
		{0B220323-2EE8-455A-B247-B118FE8C3488} = {92BB1CDF-FA9D-493F-A948-0B010B0C7D5B}
		{355F89D9-B4EE-4305-99B0-3C2BC81020F8} = {92BB1CDF-FA9D-493F-A948-0B010B0C7D5B}
		{7FCC8F9D-A108-4DBD-A43A-C347B33B6BC4} = {92BB1CDF-FA9D-493F-A948-0B010B0C7D5B}
		{8366CFC4-BC76-4F7B-936A-4A2F3064D288} = {92BB1CDF-FA9D-493F-A948-0B010B0C7D5B}
		{314CD2F3-012F-4643-BC45-222083317D25} = {92BB1CDF-FA9D-493F-A948-0B010B0C7D5B}
		{1758E76A-D80C-4A13-850D-23D721FA8F1B} = {92BB1CDF-FA9D-493F-A948-0B010B0C7D5B}
		{F419622F-4D82-40A6-B4FB-3FE36579F018} = {92BB1CDF-FA9D-493F-A948-0B010B0C7D5B}
		{13461507-32FC-48BC-BD27-F3A9DE011825} = {92BB1CDF-FA9D-493F-A948-0B010B0C7D5B}
		{6D2D9CB4-97BD-4FFC-94D3-B1A084EC41CF} = {92BB1CDF-FA9D-493F-A948-0B010B0C7D5B}
		{AA26D897-9D5E-A3FA-C7E8-26FFD83C7935} = {92BB1CDF-FA9D-493F-A948-0B010B0C7D5B}
		{4E3A7CCD-1739-95DA-C1A4-B764DB28A81F} = {92BB1CDF-FA9D-493F-A948-0B010B0C7D5B}
		{42372BD4-BF8F-5BCD-B749-82049A3BF8EF} = {92BB1CDF-FA9D-493F-A948-0B010B0C7D5B}
		{B495031C-D868-2EC5-2CCB-D0275F1C35BC} = {92BB1CDF-FA9D-493F-A948-0B010B0C7D5B}
	EndGlobalSection
	GlobalSection(ExtensibilityGlobals) = postSolution
		SolutionGuid = {5859CF00-C441-4072-8A3D-E21ABA2FA887}
	EndGlobalSection
	GlobalSection(SubversionScc) = preSolution
		Svn-Managed = True
		Manager = AnkhSVN2019 - Subversion Support for Visual Studio
	EndGlobalSection
	GlobalSection(MonoDevelopProperties) = preSolution
		Policies = $0
		$0.TextStylePolicy = $36
		$1.inheritsSet = VisualStudio
		$1.inheritsScope = text/plain
		$1.scope = text/plain
		$0.XmlFormattingPolicy = $2
		$2.inheritsSet = Mono
		$2.inheritsScope = application/xml
		$2.scope = application/xml
		$0.CSharpFormattingPolicy = $3
		$3.IndentSwitchBody = True
		$3.IndentBlocksInsideExpressions = True
		$3.AnonymousMethodBraceStyle = NextLine
		$3.PropertyBraceStyle = NextLine
		$3.PropertyGetBraceStyle = NextLine
		$3.PropertySetBraceStyle = NextLine
		$3.EventBraceStyle = NextLine
		$3.EventAddBraceStyle = NextLine
		$3.EventRemoveBraceStyle = NextLine
		$3.StatementBraceStyle = NextLine
		$3.ElseNewLinePlacement = NewLine
		$3.CatchNewLinePlacement = NewLine
		$3.FinallyNewLinePlacement = NewLine
		$3.WhileNewLinePlacement = DoNotCare
		$3.ArrayInitializerWrapping = DoNotChange
		$3.ArrayInitializerBraceStyle = NextLine
		$3.BeforeMethodDeclarationParentheses = False
		$3.BeforeMethodCallParentheses = False
		$3.BeforeConstructorDeclarationParentheses = False
		$3.NewLineBeforeConstructorInitializerColon = NewLine
		$3.NewLineAfterConstructorInitializerColon = SameLine
		$3.BeforeDelegateDeclarationParentheses = False
		$3.NewParentheses = False
		$3.SpacesBeforeBrackets = False
		$3.inheritsSet = Mono
		$3.inheritsScope = text/x-csharp
		$3.scope = text/x-csharp
		$0.NameConventionPolicy = $4
		$4.Rules = $5
		$5.NamingRule = $30
		$6.Name = Namespaces
		$6.AffectedEntity = Namespace
		$6.VisibilityMask = VisibilityMask
		$6.NamingStyle = PascalCase
		$6.IncludeInstanceMembers = True
		$6.IncludeStaticEntities = True
		$7.Name = Types
		$7.AffectedEntity = Class, Struct, Enum, Delegate
		$7.VisibilityMask = VisibilityMask
		$7.NamingStyle = PascalCase
		$7.IncludeInstanceMembers = True
		$7.IncludeStaticEntities = True
		$8.Name = Interfaces
		$8.RequiredPrefixes = $9
		$9.String = I
		$8.AffectedEntity = Interface
		$8.VisibilityMask = VisibilityMask
		$8.NamingStyle = PascalCase
		$8.IncludeInstanceMembers = True
		$8.IncludeStaticEntities = True
		$10.Name = Attributes
		$10.RequiredSuffixes = $11
		$11.String = Attribute
		$10.AffectedEntity = CustomAttributes
		$10.VisibilityMask = VisibilityMask
		$10.NamingStyle = PascalCase
		$10.IncludeInstanceMembers = True
		$10.IncludeStaticEntities = True
		$12.Name = Event Arguments
		$12.RequiredSuffixes = $13
		$13.String = EventArgs
		$12.AffectedEntity = CustomEventArgs
		$12.VisibilityMask = VisibilityMask
		$12.NamingStyle = PascalCase
		$12.IncludeInstanceMembers = True
		$12.IncludeStaticEntities = True
		$14.Name = Exceptions
		$14.RequiredSuffixes = $15
		$15.String = Exception
		$14.AffectedEntity = CustomExceptions
		$14.VisibilityMask = VisibilityMask
		$14.NamingStyle = PascalCase
		$14.IncludeInstanceMembers = True
		$14.IncludeStaticEntities = True
		$16.Name = Methods
		$16.AffectedEntity = Methods
		$16.VisibilityMask = VisibilityMask
		$16.NamingStyle = PascalCase
		$16.IncludeInstanceMembers = True
		$16.IncludeStaticEntities = True
		$17.Name = Static Readonly Fields
		$17.AffectedEntity = ReadonlyField
		$17.VisibilityMask = Internal, Protected, Public
		$17.NamingStyle = PascalCase
		$17.IncludeInstanceMembers = False
		$17.IncludeStaticEntities = True
		$18.Name = Fields (Non Private)
		$18.AffectedEntity = Field
		$18.VisibilityMask = Internal, Protected, Public
		$18.NamingStyle = PascalCase
		$18.IncludeInstanceMembers = True
		$18.IncludeStaticEntities = True
		$19.Name = ReadOnly Fields (Non Private)
		$19.AffectedEntity = ReadonlyField
		$19.VisibilityMask = Internal, Protected, Public
		$19.NamingStyle = PascalCase
		$19.IncludeInstanceMembers = True
		$19.IncludeStaticEntities = False
		$20.Name = Fields (Private)
		$20.AllowedPrefixes = $21
		$21.String = m_
		$20.AffectedEntity = Field, ReadonlyField
		$20.VisibilityMask = Private
		$20.NamingStyle = CamelCase
		$20.IncludeInstanceMembers = True
		$20.IncludeStaticEntities = False
		$22.Name = Static Fields (Private)
		$22.AffectedEntity = Field
		$22.VisibilityMask = Private
		$22.NamingStyle = CamelCase
		$22.IncludeInstanceMembers = False
		$22.IncludeStaticEntities = True
		$23.Name = ReadOnly Fields (Private)
		$23.AllowedPrefixes = $24
		$24.String = m_
		$23.AffectedEntity = ReadonlyField
		$23.VisibilityMask = Private
		$23.NamingStyle = CamelCase
		$23.IncludeInstanceMembers = True
		$23.IncludeStaticEntities = False
		$25.Name = Constant Fields
		$25.AffectedEntity = ConstantField
		$25.VisibilityMask = VisibilityMask
		$25.NamingStyle = PascalCase
		$25.IncludeInstanceMembers = True
		$25.IncludeStaticEntities = True
		$26.Name = Properties
		$26.AffectedEntity = Property
		$26.VisibilityMask = VisibilityMask
		$26.NamingStyle = PascalCase
		$26.IncludeInstanceMembers = True
		$26.IncludeStaticEntities = True
		$27.Name = Events
		$27.AffectedEntity = Event
		$27.VisibilityMask = VisibilityMask
		$27.NamingStyle = PascalCase
		$27.IncludeInstanceMembers = True
		$27.IncludeStaticEntities = True
		$28.Name = Enum Members
		$28.AffectedEntity = EnumMember
		$28.VisibilityMask = VisibilityMask
		$28.NamingStyle = PascalCase
		$28.IncludeInstanceMembers = True
		$28.IncludeStaticEntities = True
		$29.Name = Parameters
		$29.AffectedEntity = Parameter
		$29.VisibilityMask = VisibilityMask
		$29.NamingStyle = CamelCase
		$29.IncludeInstanceMembers = True
		$29.IncludeStaticEntities = True
		$30.Name = Type Parameters
		$30.RequiredPrefixes = $31
		$31.String = T
		$30.AffectedEntity = TypeParameter
		$30.VisibilityMask = VisibilityMask
		$30.NamingStyle = PascalCase
		$30.IncludeInstanceMembers = True
		$30.IncludeStaticEntities = True
		$0.VersionControlPolicy = $32
		$32.inheritsSet = Mono
		$33.FileWidth = 120
		$33.NoTabsAfterNonTabs = True
		$33.inheritsSet = VisualStudio
		$33.inheritsScope = text/plain
		$33.scope = text/x-fsharp
		$0.DotNetNamingPolicy = $34
		$34.DirectoryNamespaceAssociation = None
		$34.ResourceNamePolicy = FileFormatDefault
		$35.inheritsSet = null
		$35.scope = text/x-csharp
		$36.inheritsSet = null
		$36.scope = application/x-aspx
		$0.StandardHeader = $37
		$37.Text = @\n Copyright ${Year}  ${CopyrightHolder}\n\n   Licensed under the Apache License, Version 2.0 (the "License");\n   you may not use this file except in compliance with the License.\n   You may obtain a copy of the License at\n\n       http://www.apache.org/licenses/LICENSE-2.0\n\n   Unless required by applicable law or agreed to in writing, software\n   distributed under the License is distributed on an "AS IS" BASIS,\n   WITHOUT WARRANTIES OR CONDITIONS OF ANY KIND, either express or implied.\n   See the License for the specific language governing permissions and\n   limitations under the License.
		$37.IncludeInNewFiles = True
		StartupItem = FSPortalNET\FSPortalNET.csproj
	EndGlobalSection
	GlobalSection(MonoDevelopProperties) = preSolution
		Policies = $0
		$0.TextStylePolicy = $36
		$1.inheritsSet = VisualStudio
		$1.inheritsScope = text/plain
		$1.scope = text/plain
		$0.XmlFormattingPolicy = $2
		$2.inheritsSet = Mono
		$2.inheritsScope = application/xml
		$2.scope = application/xml
		$0.CSharpFormattingPolicy = $3
		$3.IndentSwitchBody = True
		$3.IndentBlocksInsideExpressions = True
		$3.AnonymousMethodBraceStyle = NextLine
		$3.PropertyBraceStyle = NextLine
		$3.PropertyGetBraceStyle = NextLine
		$3.PropertySetBraceStyle = NextLine
		$3.EventBraceStyle = NextLine
		$3.EventAddBraceStyle = NextLine
		$3.EventRemoveBraceStyle = NextLine
		$3.StatementBraceStyle = NextLine
		$3.ElseNewLinePlacement = NewLine
		$3.CatchNewLinePlacement = NewLine
		$3.FinallyNewLinePlacement = NewLine
		$3.WhileNewLinePlacement = DoNotCare
		$3.ArrayInitializerWrapping = DoNotChange
		$3.ArrayInitializerBraceStyle = NextLine
		$3.BeforeMethodDeclarationParentheses = False
		$3.BeforeMethodCallParentheses = False
		$3.BeforeConstructorDeclarationParentheses = False
		$3.NewLineBeforeConstructorInitializerColon = NewLine
		$3.NewLineAfterConstructorInitializerColon = SameLine
		$3.BeforeDelegateDeclarationParentheses = False
		$3.NewParentheses = False
		$3.SpacesBeforeBrackets = False
		$3.inheritsSet = Mono
		$3.inheritsScope = text/x-csharp
		$3.scope = text/x-csharp
		$0.NameConventionPolicy = $4
		$4.Rules = $5
		$5.NamingRule = $30
		$6.Name = Namespaces
		$6.AffectedEntity = Namespace
		$6.VisibilityMask = VisibilityMask
		$6.NamingStyle = PascalCase
		$6.IncludeInstanceMembers = True
		$6.IncludeStaticEntities = True
		$7.Name = Types
		$7.AffectedEntity = Class, Struct, Enum, Delegate
		$7.VisibilityMask = VisibilityMask
		$7.NamingStyle = PascalCase
		$7.IncludeInstanceMembers = True
		$7.IncludeStaticEntities = True
		$8.Name = Interfaces
		$8.RequiredPrefixes = $9
		$9.String = I
		$8.AffectedEntity = Interface
		$8.VisibilityMask = VisibilityMask
		$8.NamingStyle = PascalCase
		$8.IncludeInstanceMembers = True
		$8.IncludeStaticEntities = True
		$10.Name = Attributes
		$10.RequiredSuffixes = $11
		$11.String = Attribute
		$10.AffectedEntity = CustomAttributes
		$10.VisibilityMask = VisibilityMask
		$10.NamingStyle = PascalCase
		$10.IncludeInstanceMembers = True
		$10.IncludeStaticEntities = True
		$12.Name = Event Arguments
		$12.RequiredSuffixes = $13
		$13.String = EventArgs
		$12.AffectedEntity = CustomEventArgs
		$12.VisibilityMask = VisibilityMask
		$12.NamingStyle = PascalCase
		$12.IncludeInstanceMembers = True
		$12.IncludeStaticEntities = True
		$14.Name = Exceptions
		$14.RequiredSuffixes = $15
		$15.String = Exception
		$14.AffectedEntity = CustomExceptions
		$14.VisibilityMask = VisibilityMask
		$14.NamingStyle = PascalCase
		$14.IncludeInstanceMembers = True
		$14.IncludeStaticEntities = True
		$16.Name = Methods
		$16.AffectedEntity = Methods
		$16.VisibilityMask = VisibilityMask
		$16.NamingStyle = PascalCase
		$16.IncludeInstanceMembers = True
		$16.IncludeStaticEntities = True
		$17.Name = Static Readonly Fields
		$17.AffectedEntity = ReadonlyField
		$17.VisibilityMask = Internal, Protected, Public
		$17.NamingStyle = PascalCase
		$17.IncludeInstanceMembers = False
		$17.IncludeStaticEntities = True
		$18.Name = Fields (Non Private)
		$18.AffectedEntity = Field
		$18.VisibilityMask = Internal, Protected, Public
		$18.NamingStyle = PascalCase
		$18.IncludeInstanceMembers = True
		$18.IncludeStaticEntities = True
		$19.Name = ReadOnly Fields (Non Private)
		$19.AffectedEntity = ReadonlyField
		$19.VisibilityMask = Internal, Protected, Public
		$19.NamingStyle = PascalCase
		$19.IncludeInstanceMembers = True
		$19.IncludeStaticEntities = False
		$20.Name = Fields (Private)
		$20.AllowedPrefixes = $21
		$21.String = m_
		$20.AffectedEntity = Field, ReadonlyField
		$20.VisibilityMask = Private
		$20.NamingStyle = CamelCase
		$20.IncludeInstanceMembers = True
		$20.IncludeStaticEntities = False
		$22.Name = Static Fields (Private)
		$22.AffectedEntity = Field
		$22.VisibilityMask = Private
		$22.NamingStyle = CamelCase
		$22.IncludeInstanceMembers = False
		$22.IncludeStaticEntities = True
		$23.Name = ReadOnly Fields (Private)
		$23.AllowedPrefixes = $24
		$24.String = m_
		$23.AffectedEntity = ReadonlyField
		$23.VisibilityMask = Private
		$23.NamingStyle = CamelCase
		$23.IncludeInstanceMembers = True
		$23.IncludeStaticEntities = False
		$25.Name = Constant Fields
		$25.AffectedEntity = ConstantField
		$25.VisibilityMask = VisibilityMask
		$25.NamingStyle = PascalCase
		$25.IncludeInstanceMembers = True
		$25.IncludeStaticEntities = True
		$26.Name = Properties
		$26.AffectedEntity = Property
		$26.VisibilityMask = VisibilityMask
		$26.NamingStyle = PascalCase
		$26.IncludeInstanceMembers = True
		$26.IncludeStaticEntities = True
		$27.Name = Events
		$27.AffectedEntity = Event
		$27.VisibilityMask = VisibilityMask
		$27.NamingStyle = PascalCase
		$27.IncludeInstanceMembers = True
		$27.IncludeStaticEntities = True
		$28.Name = Enum Members
		$28.AffectedEntity = EnumMember
		$28.VisibilityMask = VisibilityMask
		$28.NamingStyle = PascalCase
		$28.IncludeInstanceMembers = True
		$28.IncludeStaticEntities = True
		$29.Name = Parameters
		$29.AffectedEntity = Parameter
		$29.VisibilityMask = VisibilityMask
		$29.NamingStyle = CamelCase
		$29.IncludeInstanceMembers = True
		$29.IncludeStaticEntities = True
		$30.Name = Type Parameters
		$30.RequiredPrefixes = $31
		$31.String = T
		$30.AffectedEntity = TypeParameter
		$30.VisibilityMask = VisibilityMask
		$30.NamingStyle = PascalCase
		$30.IncludeInstanceMembers = True
		$30.IncludeStaticEntities = True
		$0.VersionControlPolicy = $32
		$32.inheritsSet = Mono
		$33.FileWidth = 120
		$33.NoTabsAfterNonTabs = True
		$33.inheritsSet = VisualStudio
		$33.inheritsScope = text/plain
		$33.scope = text/x-fsharp
		$0.DotNetNamingPolicy = $34
		$34.DirectoryNamespaceAssociation = None
		$34.ResourceNamePolicy = FileFormatDefault
		$35.inheritsSet = null
		$35.scope = text/x-csharp
		$36.inheritsSet = null
		$36.scope = application/x-aspx
		$0.StandardHeader = $37
		$37.Text = @\n Copyright ${Year}  ${CopyrightHolder}\n\n   Licensed under the Apache License, Version 2.0 (the "License");\n   you may not use this file except in compliance with the License.\n   You may obtain a copy of the License at\n\n       http://www.apache.org/licenses/LICENSE-2.0\n\n   Unless required by applicable law or agreed to in writing, software\n   distributed under the License is distributed on an "AS IS" BASIS,\n   WITHOUT WARRANTIES OR CONDITIONS OF ANY KIND, either express or implied.\n   See the License for the specific language governing permissions and\n   limitations under the License.
		$37.IncludeInNewFiles = True
		StartupItem = FSPortalNET\FSPortalNET.csproj
	EndGlobalSection
	GlobalSection(MonoDevelopProperties) = preSolution
		Policies = $0
		$0.TextStylePolicy = $36
		$1.inheritsSet = VisualStudio
		$1.inheritsScope = text/plain
		$1.scope = text/plain
		$0.XmlFormattingPolicy = $2
		$2.inheritsSet = Mono
		$2.inheritsScope = application/xml
		$2.scope = application/xml
		$0.CSharpFormattingPolicy = $3
		$3.IndentSwitchBody = True
		$3.IndentBlocksInsideExpressions = True
		$3.AnonymousMethodBraceStyle = NextLine
		$3.PropertyBraceStyle = NextLine
		$3.PropertyGetBraceStyle = NextLine
		$3.PropertySetBraceStyle = NextLine
		$3.EventBraceStyle = NextLine
		$3.EventAddBraceStyle = NextLine
		$3.EventRemoveBraceStyle = NextLine
		$3.StatementBraceStyle = NextLine
		$3.ElseNewLinePlacement = NewLine
		$3.CatchNewLinePlacement = NewLine
		$3.FinallyNewLinePlacement = NewLine
		$3.WhileNewLinePlacement = DoNotCare
		$3.ArrayInitializerWrapping = DoNotChange
		$3.ArrayInitializerBraceStyle = NextLine
		$3.BeforeMethodDeclarationParentheses = False
		$3.BeforeMethodCallParentheses = False
		$3.BeforeConstructorDeclarationParentheses = False
		$3.NewLineBeforeConstructorInitializerColon = NewLine
		$3.NewLineAfterConstructorInitializerColon = SameLine
		$3.BeforeDelegateDeclarationParentheses = False
		$3.NewParentheses = False
		$3.SpacesBeforeBrackets = False
		$3.inheritsSet = Mono
		$3.inheritsScope = text/x-csharp
		$3.scope = text/x-csharp
		$0.NameConventionPolicy = $4
		$4.Rules = $5
		$5.NamingRule = $30
		$6.Name = Namespaces
		$6.AffectedEntity = Namespace
		$6.VisibilityMask = VisibilityMask
		$6.NamingStyle = PascalCase
		$6.IncludeInstanceMembers = True
		$6.IncludeStaticEntities = True
		$7.Name = Types
		$7.AffectedEntity = Class, Struct, Enum, Delegate
		$7.VisibilityMask = VisibilityMask
		$7.NamingStyle = PascalCase
		$7.IncludeInstanceMembers = True
		$7.IncludeStaticEntities = True
		$8.Name = Interfaces
		$8.RequiredPrefixes = $9
		$9.String = I
		$8.AffectedEntity = Interface
		$8.VisibilityMask = VisibilityMask
		$8.NamingStyle = PascalCase
		$8.IncludeInstanceMembers = True
		$8.IncludeStaticEntities = True
		$10.Name = Attributes
		$10.RequiredSuffixes = $11
		$11.String = Attribute
		$10.AffectedEntity = CustomAttributes
		$10.VisibilityMask = VisibilityMask
		$10.NamingStyle = PascalCase
		$10.IncludeInstanceMembers = True
		$10.IncludeStaticEntities = True
		$12.Name = Event Arguments
		$12.RequiredSuffixes = $13
		$13.String = EventArgs
		$12.AffectedEntity = CustomEventArgs
		$12.VisibilityMask = VisibilityMask
		$12.NamingStyle = PascalCase
		$12.IncludeInstanceMembers = True
		$12.IncludeStaticEntities = True
		$14.Name = Exceptions
		$14.RequiredSuffixes = $15
		$15.String = Exception
		$14.AffectedEntity = CustomExceptions
		$14.VisibilityMask = VisibilityMask
		$14.NamingStyle = PascalCase
		$14.IncludeInstanceMembers = True
		$14.IncludeStaticEntities = True
		$16.Name = Methods
		$16.AffectedEntity = Methods
		$16.VisibilityMask = VisibilityMask
		$16.NamingStyle = PascalCase
		$16.IncludeInstanceMembers = True
		$16.IncludeStaticEntities = True
		$17.Name = Static Readonly Fields
		$17.AffectedEntity = ReadonlyField
		$17.VisibilityMask = Internal, Protected, Public
		$17.NamingStyle = PascalCase
		$17.IncludeInstanceMembers = False
		$17.IncludeStaticEntities = True
		$18.Name = Fields (Non Private)
		$18.AffectedEntity = Field
		$18.VisibilityMask = Internal, Protected, Public
		$18.NamingStyle = PascalCase
		$18.IncludeInstanceMembers = True
		$18.IncludeStaticEntities = True
		$19.Name = ReadOnly Fields (Non Private)
		$19.AffectedEntity = ReadonlyField
		$19.VisibilityMask = Internal, Protected, Public
		$19.NamingStyle = PascalCase
		$19.IncludeInstanceMembers = True
		$19.IncludeStaticEntities = False
		$20.Name = Fields (Private)
		$20.AllowedPrefixes = $21
		$21.String = m_
		$20.AffectedEntity = Field, ReadonlyField
		$20.VisibilityMask = Private
		$20.NamingStyle = CamelCase
		$20.IncludeInstanceMembers = True
		$20.IncludeStaticEntities = False
		$22.Name = Static Fields (Private)
		$22.AffectedEntity = Field
		$22.VisibilityMask = Private
		$22.NamingStyle = CamelCase
		$22.IncludeInstanceMembers = False
		$22.IncludeStaticEntities = True
		$23.Name = ReadOnly Fields (Private)
		$23.AllowedPrefixes = $24
		$24.String = m_
		$23.AffectedEntity = ReadonlyField
		$23.VisibilityMask = Private
		$23.NamingStyle = CamelCase
		$23.IncludeInstanceMembers = True
		$23.IncludeStaticEntities = False
		$25.Name = Constant Fields
		$25.AffectedEntity = ConstantField
		$25.VisibilityMask = VisibilityMask
		$25.NamingStyle = PascalCase
		$25.IncludeInstanceMembers = True
		$25.IncludeStaticEntities = True
		$26.Name = Properties
		$26.AffectedEntity = Property
		$26.VisibilityMask = VisibilityMask
		$26.NamingStyle = PascalCase
		$26.IncludeInstanceMembers = True
		$26.IncludeStaticEntities = True
		$27.Name = Events
		$27.AffectedEntity = Event
		$27.VisibilityMask = VisibilityMask
		$27.NamingStyle = PascalCase
		$27.IncludeInstanceMembers = True
		$27.IncludeStaticEntities = True
		$28.Name = Enum Members
		$28.AffectedEntity = EnumMember
		$28.VisibilityMask = VisibilityMask
		$28.NamingStyle = PascalCase
		$28.IncludeInstanceMembers = True
		$28.IncludeStaticEntities = True
		$29.Name = Parameters
		$29.AffectedEntity = Parameter
		$29.VisibilityMask = VisibilityMask
		$29.NamingStyle = CamelCase
		$29.IncludeInstanceMembers = True
		$29.IncludeStaticEntities = True
		$30.Name = Type Parameters
		$30.RequiredPrefixes = $31
		$31.String = T
		$30.AffectedEntity = TypeParameter
		$30.VisibilityMask = VisibilityMask
		$30.NamingStyle = PascalCase
		$30.IncludeInstanceMembers = True
		$30.IncludeStaticEntities = True
		$0.VersionControlPolicy = $32
		$32.inheritsSet = Mono
		$33.FileWidth = 120
		$33.NoTabsAfterNonTabs = True
		$33.inheritsSet = VisualStudio
		$33.inheritsScope = text/plain
		$33.scope = text/x-fsharp
		$0.DotNetNamingPolicy = $34
		$34.DirectoryNamespaceAssociation = None
		$34.ResourceNamePolicy = FileFormatDefault
		$35.inheritsSet = null
		$35.scope = text/x-csharp
		$36.inheritsSet = null
		$36.scope = application/x-aspx
		$0.StandardHeader = $37
		$37.Text = @\n Copyright ${Year}  ${CopyrightHolder}\n\n   Licensed under the Apache License, Version 2.0 (the "License");\n   you may not use this file except in compliance with the License.\n   You may obtain a copy of the License at\n\n       http://www.apache.org/licenses/LICENSE-2.0\n\n   Unless required by applicable law or agreed to in writing, software\n   distributed under the License is distributed on an "AS IS" BASIS,\n   WITHOUT WARRANTIES OR CONDITIONS OF ANY KIND, either express or implied.\n   See the License for the specific language governing permissions and\n   limitations under the License.
		$37.IncludeInNewFiles = True
		StartupItem = FSPortalNET\FSPortalNET.csproj
	EndGlobalSection
EndGlobal
